
Microsoft Visual Studio Solution File, Format Version 12.00
# Visual Studio Version 17
VisualStudioVersion = 17.0.31903.59
MinimumVisualStudioVersion = 10.0.40219.1
Project("{2150E333-8FDC-42A3-9474-1A3956D46DE8}") = "src", "src", "{F08127FA-11AD-4B1E-8CA5-3482677C1FA1}"
EndProject
Project("{FAE04EC0-301F-11D3-BF4B-00C04F79EFBC}") = "Transpiler", "src\Transpiler\Transpiler.csproj", "{377B7D6B-3092-40B4-8A9C-881700A537D5}"
EndProject
Project("{2150E333-8FDC-42A3-9474-1A3956D46DE8}") = "tests", "tests", "{EB1B2E3A-25DB-4399-A634-94D6A7FB5D32}"
EndProject
Project("{FAE04EC0-301F-11D3-BF4B-00C04F79EFBC}") = "Transpiler.Tests", "tests\Transpiler.Tests\Transpiler.Tests.csproj", "{49D924AF-8CC3-4287-A54E-428C5D8F4B4D}"
EndProject
Project("{FAE04EC0-301F-11D3-BF4B-00C04F79EFBC}") = "Builder", "src\Builder\Builder.csproj", "{37674AE3-F60E-41FA-A615-0834BB03A334}"
EndProject
Project("{FAE04EC0-301F-11D3-BF4B-00C04F79EFBC}") = "JassGen", "src\JassGen\JassGen.csproj", "{329243BA-6EEA-46D3-93B8-A9BA1DC8F0EB}"
EndProject
Project("{FAE04EC0-301F-11D3-BF4B-00C04F79EFBC}") = "Gui", "src\Gui\Gui.csproj", "{7C2E2B7C-535B-4D3F-A9D6-9F55B7818958}"
EndProject
Global
	GlobalSection(SolutionConfigurationPlatforms) = preSolution
		Debug|Any CPU = Debug|Any CPU
		Release|Any CPU = Release|Any CPU
	EndGlobalSection
	GlobalSection(SolutionProperties) = preSolution
		HideSolutionNode = FALSE
	EndGlobalSection
	GlobalSection(ProjectConfigurationPlatforms) = postSolution
		{377B7D6B-3092-40B4-8A9C-881700A537D5}.Debug|Any CPU.ActiveCfg = Debug|Any CPU
		{377B7D6B-3092-40B4-8A9C-881700A537D5}.Debug|Any CPU.Build.0 = Debug|Any CPU
		{377B7D6B-3092-40B4-8A9C-881700A537D5}.Release|Any CPU.ActiveCfg = Release|Any CPU
		{377B7D6B-3092-40B4-8A9C-881700A537D5}.Release|Any CPU.Build.0 = Release|Any CPU
		{49D924AF-8CC3-4287-A54E-428C5D8F4B4D}.Debug|Any CPU.ActiveCfg = Debug|Any CPU
		{49D924AF-8CC3-4287-A54E-428C5D8F4B4D}.Debug|Any CPU.Build.0 = Debug|Any CPU
		{49D924AF-8CC3-4287-A54E-428C5D8F4B4D}.Release|Any CPU.ActiveCfg = Release|Any CPU
		{49D924AF-8CC3-4287-A54E-428C5D8F4B4D}.Release|Any CPU.Build.0 = Release|Any CPU
		{37674AE3-F60E-41FA-A615-0834BB03A334}.Debug|Any CPU.ActiveCfg = Debug|Any CPU
		{37674AE3-F60E-41FA-A615-0834BB03A334}.Debug|Any CPU.Build.0 = Debug|Any CPU
		{37674AE3-F60E-41FA-A615-0834BB03A334}.Release|Any CPU.ActiveCfg = Release|Any CPU
		{37674AE3-F60E-41FA-A615-0834BB03A334}.Release|Any CPU.Build.0 = Release|Any CPU
		{329243BA-6EEA-46D3-93B8-A9BA1DC8F0EB}.Debug|Any CPU.ActiveCfg = Debug|Any CPU
		{329243BA-6EEA-46D3-93B8-A9BA1DC8F0EB}.Debug|Any CPU.Build.0 = Debug|Any CPU
		{329243BA-6EEA-46D3-93B8-A9BA1DC8F0EB}.Release|Any CPU.ActiveCfg = Release|Any CPU
		{329243BA-6EEA-46D3-93B8-A9BA1DC8F0EB}.Release|Any CPU.Build.0 = Release|Any CPU
		{7C2E2B7C-535B-4D3F-A9D6-9F55B7818958}.Debug|Any CPU.ActiveCfg = Debug|Any CPU
		{7C2E2B7C-535B-4D3F-A9D6-9F55B7818958}.Debug|Any CPU.Build.0 = Debug|Any CPU
		{7C2E2B7C-535B-4D3F-A9D6-9F55B7818958}.Release|Any CPU.ActiveCfg = Release|Any CPU
		{7C2E2B7C-535B-4D3F-A9D6-9F55B7818958}.Release|Any CPU.Build.0 = Release|Any CPU
	EndGlobalSection
	GlobalSection(NestedProjects) = preSolution
		{377B7D6B-3092-40B4-8A9C-881700A537D5} = {F08127FA-11AD-4B1E-8CA5-3482677C1FA1}
		{49D924AF-8CC3-4287-A54E-428C5D8F4B4D} = {EB1B2E3A-25DB-4399-A634-94D6A7FB5D32}
		{37674AE3-F60E-41FA-A615-0834BB03A334} = {F08127FA-11AD-4B1E-8CA5-3482677C1FA1}
		{329243BA-6EEA-46D3-93B8-A9BA1DC8F0EB} = {F08127FA-11AD-4B1E-8CA5-3482677C1FA1}
		{7C2E2B7C-535B-4D3F-A9D6-9F55B7818958} = {F08127FA-11AD-4B1E-8CA5-3482677C1FA1}
	EndGlobalSection
EndGlobal
